{
  "lockfileVersion": 1,
  "configVersion": 0,
  "workspaces": {
    "": {
      "name": "devhawk-blog",
      "dependencies": {
        "@11ty/eleventy": "^3.0.0",
        "@11ty/eleventy-plugin-syntaxhighlight": "^5.0.0",
        "luxon": "^3.0.0",
        "markdown-it": "^14.0.0",
        "markdown-it-container": "^4.0.0",
        "markdown-it-footnote": "^4.0.0",
      },
    },
  },
  "packages": {
    "@11ty/dependency-tree": ["@11ty/dependency-tree@4.0.2", "", { "dependencies": { "@11ty/eleventy-utils": "^2.0.1" } }, ""],

    "@11ty/dependency-tree-esm": ["@11ty/dependency-tree-esm@2.0.4", "", { "dependencies": { "@11ty/eleventy-utils": "^2.0.7", "acorn": "^8.15.0", "dependency-graph": "^1.0.0", "normalize-path": "^3.0.0" } }, ""],

    "@11ty/eleventy": ["@11ty/eleventy@3.1.2", "", { "dependencies": { "@11ty/dependency-tree": "^4.0.0", "@11ty/dependency-tree-esm": "^2.0.0", "@11ty/eleventy-dev-server": "^2.0.8", "@11ty/eleventy-plugin-bundle": "^3.0.6", "@11ty/eleventy-utils": "^2.0.7", "@11ty/lodash-custom": "^4.17.21", "@11ty/posthtml-urls": "^1.0.1", "@11ty/recursive-copy": "^4.0.2", "@sindresorhus/slugify": "^2.2.1", "bcp-47-normalize": "^2.3.0", "chokidar": "^3.6.0", "debug": "^4.4.1", "dependency-graph": "^1.0.0", "entities": "^6.0.1", "filesize": "^10.1.6", "gray-matter": "^4.0.3", "iso-639-1": "^3.1.5", "js-yaml": "^4.1.0", "kleur": "^4.1.5", "liquidjs": "^10.21.1", "luxon": "^3.6.1", "markdown-it": "^14.1.0", "minimist": "^1.2.8", "moo": "^0.5.2", "node-retrieve-globals": "^6.0.1", "nunjucks": "^3.2.4", "picomatch": "^4.0.2", "please-upgrade-node": "^3.2.0", "posthtml": "^0.16.6", "posthtml-match-helper": "^2.0.3", "semver": "^7.7.2", "slugify": "^1.6.6", "tinyglobby": "^0.2.14" }, "bin": { "eleventy": "cmd.cjs" } }, ""],

    "@11ty/eleventy-dev-server": ["@11ty/eleventy-dev-server@2.0.8", "", { "dependencies": { "@11ty/eleventy-utils": "^2.0.1", "chokidar": "^3.6.0", "debug": "^4.4.0", "finalhandler": "^1.3.1", "mime": "^3.0.0", "minimist": "^1.2.8", "morphdom": "^2.7.4", "please-upgrade-node": "^3.2.0", "send": "^1.1.0", "ssri": "^11.0.0", "urlpattern-polyfill": "^10.0.0", "ws": "^8.18.1" }, "bin": { "eleventy-dev-server": "cmd.js" } }, ""],

    "@11ty/eleventy-plugin-bundle": ["@11ty/eleventy-plugin-bundle@3.0.7", "", { "dependencies": { "@11ty/eleventy-utils": "^2.0.2", "debug": "^4.4.0", "posthtml-match-helper": "^2.0.3" } }, ""],

    "@11ty/eleventy-plugin-syntaxhighlight": ["@11ty/eleventy-plugin-syntaxhighlight@5.0.2", "", { "dependencies": { "prismjs": "^1.30.0" } }, ""],

    "@11ty/eleventy-utils": ["@11ty/eleventy-utils@2.0.7", "", {}, ""],

    "@11ty/lodash-custom": ["@11ty/lodash-custom@4.17.21", "", {}, ""],

    "@11ty/posthtml-urls": ["@11ty/posthtml-urls@1.0.2", "", { "dependencies": { "evaluate-value": "^2.0.0", "http-equiv-refresh": "^2.0.1", "list-to-array": "^1.1.0", "parse-srcset": "^1.0.2" } }, ""],

    "@11ty/recursive-copy": ["@11ty/recursive-copy@4.0.3", "", { "dependencies": { "errno": "^1.0.0", "junk": "^3.1.0", "maximatch": "^0.1.0", "slash": "^3.0.0" } }, ""],

    "@sindresorhus/slugify": ["@sindresorhus/slugify@2.2.1", "", { "dependencies": { "@sindresorhus/transliterate": "^1.0.0", "escape-string-regexp": "^5.0.0" } }, ""],

    "@sindresorhus/transliterate": ["@sindresorhus/transliterate@1.6.0", "", { "dependencies": { "escape-string-regexp": "^5.0.0" } }, ""],

    "a-sync-waterfall": ["a-sync-waterfall@1.0.1", "", {}, ""],

    "acorn": ["acorn@8.15.0", "", { "bin": "bin/acorn" }, ""],

    "acorn-walk": ["acorn-walk@8.3.4", "", { "dependencies": { "acorn": "^8.11.0" } }, ""],

    "anymatch": ["anymatch@3.1.3", "", { "dependencies": { "normalize-path": "^3.0.0", "picomatch": "^2.0.4" } }, ""],

    "argparse": ["argparse@2.0.1", "", {}, ""],

    "array-differ": ["array-differ@1.0.0", "", {}, ""],

    "array-union": ["array-union@1.0.2", "", { "dependencies": { "array-uniq": "^1.0.1" } }, ""],

    "array-uniq": ["array-uniq@1.0.3", "", {}, ""],

    "arrify": ["arrify@1.0.1", "", {}, ""],

    "asap": ["asap@2.0.6", "", {}, ""],

    "balanced-match": ["balanced-match@1.0.2", "", {}, ""],

    "bcp-47": ["bcp-47@2.1.0", "", { "dependencies": { "is-alphabetical": "^2.0.0", "is-alphanumerical": "^2.0.0", "is-decimal": "^2.0.0" } }, ""],

    "bcp-47-match": ["bcp-47-match@2.0.3", "", {}, ""],

    "bcp-47-normalize": ["bcp-47-normalize@2.3.0", "", { "dependencies": { "bcp-47": "^2.0.0", "bcp-47-match": "^2.0.0" } }, ""],

    "binary-extensions": ["binary-extensions@2.3.0", "", {}, ""],

    "brace-expansion": ["brace-expansion@1.1.12", "", { "dependencies": { "balanced-match": "^1.0.0", "concat-map": "0.0.1" } }, ""],

    "braces": ["braces@3.0.3", "", { "dependencies": { "fill-range": "^7.1.1" } }, ""],

    "chokidar": ["chokidar@3.6.0", "", { "dependencies": { "anymatch": "~3.1.2", "braces": "~3.0.2", "glob-parent": "~5.1.2", "is-binary-path": "~2.1.0", "is-glob": "~4.0.1", "normalize-path": "~3.0.0", "readdirp": "~3.6.0" }, "optionalDependencies": { "fsevents": "~2.3.2" } }, ""],

    "commander": ["commander@10.0.1", "", {}, ""],

    "concat-map": ["concat-map@0.0.1", "", {}, ""],

    "debug": ["debug@4.4.3", "", { "dependencies": { "ms": "^2.1.3" } }, ""],

    "depd": ["depd@2.0.0", "", {}, ""],

    "dependency-graph": ["dependency-graph@1.0.0", "", {}, ""],

    "dom-serializer": ["dom-serializer@1.4.1", "", { "dependencies": { "domelementtype": "^2.0.1", "domhandler": "^4.2.0", "entities": "^2.0.0" } }, ""],

    "domelementtype": ["domelementtype@2.3.0", "", {}, ""],

    "domhandler": ["domhandler@4.3.1", "", { "dependencies": { "domelementtype": "^2.2.0" } }, ""],

    "domutils": ["domutils@2.8.0", "", { "dependencies": { "dom-serializer": "^1.0.1", "domelementtype": "^2.2.0", "domhandler": "^4.2.0" } }, ""],

    "ee-first": ["ee-first@1.1.1", "", {}, ""],

    "encodeurl": ["encodeurl@2.0.0", "", {}, ""],

    "entities": ["entities@6.0.1", "", {}, ""],

    "errno": ["errno@1.0.0", "", { "dependencies": { "prr": "~1.0.1" }, "bin": "cli.js" }, ""],

    "escape-html": ["escape-html@1.0.3", "", {}, ""],

    "escape-string-regexp": ["escape-string-regexp@5.0.0", "", {}, ""],

    "esm-import-transformer": ["esm-import-transformer@3.0.5", "", { "dependencies": { "acorn": "^8.15.0" } }, ""],

    "esprima": ["esprima@4.0.1", "", { "bin": { "esparse": "bin/esparse.js", "esvalidate": "bin/esvalidate.js" } }, ""],

    "etag": ["etag@1.8.1", "", {}, ""],

    "evaluate-value": ["evaluate-value@2.0.0", "", {}, ""],

    "extend-shallow": ["extend-shallow@2.0.1", "", { "dependencies": { "is-extendable": "^0.1.0" } }, ""],

    "fdir": ["fdir@6.5.0", "", { "peerDependencies": { "picomatch": "^3 || ^4" } }, ""],

    "filesize": ["filesize@10.1.6", "", {}, ""],

    "fill-range": ["fill-range@7.1.1", "", { "dependencies": { "to-regex-range": "^5.0.1" } }, ""],

    "finalhandler": ["finalhandler@1.3.2", "", { "dependencies": { "debug": "2.6.9", "encodeurl": "~2.0.0", "escape-html": "~1.0.3", "on-finished": "~2.4.1", "parseurl": "~1.3.3", "statuses": "~2.0.2", "unpipe": "~1.0.0" } }, ""],

    "fresh": ["fresh@2.0.0", "", {}, ""],

    "fsevents": ["fsevents@2.3.3", "", { "os": "darwin" }, "sha512-5xoDfX+fL7faATnagmWPpbFtwh/R77WmMMqqHGS65C3vvB0YHrgF+B1YmZ3441tMj5n63k0212XNoJwzlhffQw=="],

    "glob-parent": ["glob-parent@5.1.2", "", { "dependencies": { "is-glob": "^4.0.1" } }, ""],

    "gray-matter": ["gray-matter@4.0.3", "", { "dependencies": { "js-yaml": "^3.13.1", "kind-of": "^6.0.2", "section-matter": "^1.0.0", "strip-bom-string": "^1.0.0" } }, ""],

    "htmlparser2": ["htmlparser2@7.2.0", "", { "dependencies": { "domelementtype": "^2.0.1", "domhandler": "^4.2.2", "domutils": "^2.8.0", "entities": "^3.0.1" } }, ""],

    "http-equiv-refresh": ["http-equiv-refresh@2.0.1", "", {}, ""],

    "http-errors": ["http-errors@2.0.1", "", { "dependencies": { "depd": "~2.0.0", "inherits": "~2.0.4", "setprototypeof": "~1.2.0", "statuses": "~2.0.2", "toidentifier": "~1.0.1" } }, ""],

    "inherits": ["inherits@2.0.4", "", {}, ""],

    "is-alphabetical": ["is-alphabetical@2.0.1", "", {}, ""],

    "is-alphanumerical": ["is-alphanumerical@2.0.1", "", { "dependencies": { "is-alphabetical": "^2.0.0", "is-decimal": "^2.0.0" } }, ""],

    "is-binary-path": ["is-binary-path@2.1.0", "", { "dependencies": { "binary-extensions": "^2.0.0" } }, ""],

    "is-decimal": ["is-decimal@2.0.1", "", {}, ""],

    "is-extendable": ["is-extendable@0.1.1", "", {}, ""],

    "is-extglob": ["is-extglob@2.1.1", "", {}, ""],

    "is-glob": ["is-glob@4.0.3", "", { "dependencies": { "is-extglob": "^2.1.1" } }, ""],

    "is-json": ["is-json@2.0.1", "", {}, ""],

    "is-number": ["is-number@7.0.0", "", {}, ""],

    "iso-639-1": ["iso-639-1@3.1.5", "", {}, ""],

    "js-yaml": ["js-yaml@4.1.1", "", { "dependencies": { "argparse": "^2.0.1" }, "bin": "bin/js-yaml.js" }, ""],

    "junk": ["junk@3.1.0", "", {}, ""],

    "kind-of": ["kind-of@6.0.3", "", {}, ""],

    "kleur": ["kleur@4.1.5", "", {}, ""],

    "linkify-it": ["linkify-it@5.0.0", "", { "dependencies": { "uc.micro": "^2.0.0" } }, ""],

    "liquidjs": ["liquidjs@10.24.0", "", { "dependencies": { "commander": "^10.0.0" }, "bin": { "liquid": "bin/liquid.js", "liquidjs": "bin/liquid.js" } }, ""],

    "list-to-array": ["list-to-array@1.1.0", "", {}, ""],

    "luxon": ["luxon@3.7.2", "", {}, ""],

    "markdown-it": ["markdown-it@14.1.0", "", { "dependencies": { "argparse": "^2.0.1", "entities": "^4.4.0", "linkify-it": "^5.0.0", "mdurl": "^2.0.0", "punycode.js": "^2.3.1", "uc.micro": "^2.1.0" }, "bin": "bin/markdown-it.mjs" }, ""],

    "markdown-it-container": ["markdown-it-container@4.0.0", "", {}, ""],

    "markdown-it-footnote": ["markdown-it-footnote@4.0.0", "", {}, "sha512-WYJ7urf+khJYl3DqofQpYfEYkZKbmXmwxQV8c8mO/hGIhgZ1wOe7R4HLFNwqx7TjILbnC98fuyeSsin19JdFcQ=="],

    "maximatch": ["maximatch@0.1.0", "", { "dependencies": { "array-differ": "^1.0.0", "array-union": "^1.0.1", "arrify": "^1.0.0", "minimatch": "^3.0.0" } }, ""],

    "mdurl": ["mdurl@2.0.0", "", {}, ""],

    "mime": ["mime@3.0.0", "", { "bin": "cli.js" }, ""],

    "mime-db": ["mime-db@1.54.0", "", {}, ""],

    "mime-types": ["mime-types@3.0.2", "", { "dependencies": { "mime-db": "^1.54.0" } }, ""],

    "minimatch": ["minimatch@3.1.2", "", { "dependencies": { "brace-expansion": "^1.1.7" } }, ""],

    "minimist": ["minimist@1.2.8", "", {}, ""],

    "minipass": ["minipass@7.1.2", "", {}, ""],

    "moo": ["moo@0.5.2", "", {}, ""],

    "morphdom": ["morphdom@2.7.8", "", {}, ""],

    "ms": ["ms@2.1.3", "", {}, ""],

    "node-retrieve-globals": ["node-retrieve-globals@6.0.1", "", { "dependencies": { "acorn": "^8.14.1", "acorn-walk": "^8.3.4", "esm-import-transformer": "^3.0.3" } }, ""],

    "normalize-path": ["normalize-path@3.0.0", "", {}, ""],

    "nunjucks": ["nunjucks@3.2.4", "", { "dependencies": { "a-sync-waterfall": "^1.0.0", "asap": "^2.0.3", "commander": "^5.1.0" }, "peerDependencies": { "chokidar": "^3.3.0" }, "bin": { "nunjucks-precompile": "bin/precompile" } }, ""],

    "on-finished": ["on-finished@2.4.1", "", { "dependencies": { "ee-first": "1.1.1" } }, ""],

    "parse-srcset": ["parse-srcset@1.0.2", "", {}, ""],

    "parseurl": ["parseurl@1.3.3", "", {}, ""],

    "picomatch": ["picomatch@4.0.3", "", {}, ""],

    "please-upgrade-node": ["please-upgrade-node@3.2.0", "", { "dependencies": { "semver-compare": "^1.0.0" } }, ""],

    "posthtml": ["posthtml@0.16.7", "", { "dependencies": { "posthtml-parser": "^0.11.0", "posthtml-render": "^3.0.0" } }, ""],

    "posthtml-match-helper": ["posthtml-match-helper@2.0.3", "", { "peerDependencies": { "posthtml": "^0.16.6" } }, ""],

    "posthtml-parser": ["posthtml-parser@0.11.0", "", { "dependencies": { "htmlparser2": "^7.1.1" } }, ""],

    "posthtml-render": ["posthtml-render@3.0.0", "", { "dependencies": { "is-json": "^2.0.1" } }, ""],

    "prismjs": ["prismjs@1.30.0", "", {}, "sha512-DEvV2ZF2r2/63V+tK8hQvrR2ZGn10srHbXviTlcv7Kpzw8jWiNTqbVgjO3IY8RxrrOUF8VPMQQFysYYYv0YZxw=="],

    "prr": ["prr@1.0.1", "", {}, ""],

    "punycode.js": ["punycode.js@2.3.1", "", {}, ""],

    "range-parser": ["range-parser@1.2.1", "", {}, ""],

    "readdirp": ["readdirp@3.6.0", "", { "dependencies": { "picomatch": "^2.2.1" } }, ""],

    "section-matter": ["section-matter@1.0.0", "", { "dependencies": { "extend-shallow": "^2.0.1", "kind-of": "^6.0.0" } }, ""],

    "semver": ["semver@7.7.4", "", { "bin": "bin/semver.js" }, ""],

    "semver-compare": ["semver-compare@1.0.0", "", {}, ""],

    "send": ["send@1.2.1", "", { "dependencies": { "debug": "^4.4.3", "encodeurl": "^2.0.0", "escape-html": "^1.0.3", "etag": "^1.8.1", "fresh": "^2.0.0", "http-errors": "^2.0.1", "mime-types": "^3.0.2", "ms": "^2.1.3", "on-finished": "^2.4.1", "range-parser": "^1.2.1", "statuses": "^2.0.2" } }, ""],

    "setprototypeof": ["setprototypeof@1.2.0", "", {}, ""],

    "slash": ["slash@3.0.0", "", {}, ""],

    "slugify": ["slugify@1.6.6", "", {}, ""],

    "sprintf-js": ["sprintf-js@1.0.3", "", {}, ""],

    "ssri": ["ssri@11.0.0", "", { "dependencies": { "minipass": "^7.0.3" } }, ""],

    "statuses": ["statuses@2.0.2", "", {}, ""],

    "strip-bom-string": ["strip-bom-string@1.0.0", "", {}, ""],

    "tinyglobby": ["tinyglobby@0.2.15", "", { "dependencies": { "fdir": "^6.5.0", "picomatch": "^4.0.3" } }, ""],

    "to-regex-range": ["to-regex-range@5.0.1", "", { "dependencies": { "is-number": "^7.0.0" } }, ""],

    "toidentifier": ["toidentifier@1.0.1", "", {}, ""],

    "uc.micro": ["uc.micro@2.1.0", "", {}, ""],

    "unpipe": ["unpipe@1.0.0", "", {}, ""],

    "urlpattern-polyfill": ["urlpattern-polyfill@10.1.0", "", {}, ""],

    "ws": ["ws@8.19.0", "", { "peerDependencies": { "bufferutil": "^4.0.1", "utf-8-validate": ">=5.0.2" }, "optionalPeers": ["bufferutil", "utf-8-validate"] }, ""],

    "anymatch/picomatch": ["picomatch@2.3.1", "", {}, ""],

    "dom-serializer/entities": ["entities@2.2.0", "", {}, ""],

    "finalhandler/debug": ["debug@2.6.9", "", { "dependencies": { "ms": "2.0.0" } }, ""],

    "gray-matter/js-yaml": ["js-yaml@3.14.2", "", { "dependencies": { "argparse": "^1.0.7", "esprima": "^4.0.0" }, "bin": "bin/js-yaml.js" }, ""],

    "htmlparser2/entities": ["entities@3.0.1", "", {}, ""],

    "markdown-it/entities": ["entities@4.5.0", "", {}, ""],

    "nunjucks/commander": ["commander@5.1.0", "", {}, ""],

    "readdirp/picomatch": ["picomatch@2.3.1", "", {}, ""],

    "finalhandler/debug/ms": ["ms@2.0.0", "", {}, ""],

    "gray-matter/js-yaml/argparse": ["argparse@1.0.10", "", { "dependencies": { "sprintf-js": "~1.0.2" } }, ""],
  }
}
